<?xml version="1.0" encoding="utf-8"?>
<Project ToolsVersion="4.0" xmlns="http://schemas.microsoft.com/developer/msbuild/2003">
  <ItemGroup>
    <Filter Include="Source Files">
      <UniqueIdentifier>{413d4635-9d01-4a6c-af60-ad0fe96575c8}</UniqueIdentifier>
      <Extensions>cpp;c;cxx;def;odl;idl;hpj;bat;asm</Extensions>
    </Filter>
    <Filter Include="Header Files">
      <UniqueIdentifier>{289722af-5fb2-4f1f-9c8f-948feca01279}</UniqueIdentifier>
      <Extensions>h;hpp;hxx;hm;inl;inc</Extensions>
    </Filter>
    <Filter Include="Resource Files">
      <UniqueIdentifier>{c389de92-227c-4d8a-ab96-08b3c3f046fb}</UniqueIdentifier>
      <Extensions>rc;ico;cur;bmp;dlg;rc2;rct;bin;rgs;jpg;jpeg;jpe;manifest</Extensions>
    </Filter>
    <Filter Include="Resource Files\Icons">
      <UniqueIdentifier>{1aca52d8-3136-4739-8f5b-d7934aff3683}</UniqueIdentifier>
    </Filter>
    <Filter Include="Views">
      <UniqueIdentifier>{a54d32b6-18a3-45c7-ad65-72b710ef98cf}</UniqueIdentifier>
    </Filter>
  </ItemGroup>
  <ItemGroup>
    <ClCompile Include="pch.cpp">
      <Filter>Source Files</Filter>
    </ClCompile>
    <ClCompile Include="InfStudio.cpp">
      <Filter>Source Files</Filter>
    </ClCompile>
    <ClCompile Include="MainFrm.cpp">
      <Filter>Source Files</Filter>
    </ClCompile>
    <ClCompile Include="AboutDlg.cpp">
      <Filter>Source Files</Filter>
    </ClCompile>
    <ClCompile Include="SecurityHelper.cpp">
      <Filter>Source Files</Filter>
    </ClCompile>
    <ClCompile Include="MainView.cpp">
      <Filter>Views</Filter>
    </ClCompile>
    <ClCompile Include="InfView.cpp">
      <Filter>Views</Filter>
    </ClCompile>
    <ClCompile Include="AppSettings.cpp">
      <Filter>Source Files</Filter>
    </ClCompile>
    <ClCompile Include="RecentFilesManager.cpp">
      <Filter>Source Files</Filter>
    </ClCompile>
  </ItemGroup>
  <ItemGroup>
    <ClInclude Include="pch.h">
      <Filter>Header Files</Filter>
    </ClInclude>
    <ClInclude Include="MainFrm.h">
      <Filter>Header Files</Filter>
    </ClInclude>
    <ClInclude Include="AboutDlg.h">
      <Filter>Header Files</Filter>
    </ClInclude>
    <ClInclude Include="ScintillaCtrl.h">
      <Filter>Header Files</Filter>
    </ClInclude>
    <ClInclude Include="Interfaces.h">
      <Filter>Header Files</Filter>
    </ClInclude>
    <ClInclude Include="SecurityHelper.h">
      <Filter>Header Files</Filter>
    </ClInclude>
    <ClInclude Include="resource.h">
      <Filter>Resource Files</Filter>
    </ClInclude>
    <ClInclude Include="InfView.h">
      <Filter>Views</Filter>
    </ClInclude>
    <ClInclude Include="MainView.h">
      <Filter>Views</Filter>
    </ClInclude>
    <ClInclude Include="ViewBase.h">
      <Filter>Views</Filter>
    </ClInclude>
    <ClInclude Include="AppSettings.h">
      <Filter>Header Files</Filter>
    </ClInclude>
    <ClInclude Include="RecentFilesManager.h">
      <Filter>Header Files</Filter>
    </ClInclude>
  </ItemGroup>
  <ItemGroup>
    <ResourceCompile Include="InfStudio.rc">
      <Filter>Resource Files</Filter>
    </ResourceCompile>
  </ItemGroup>
  <ItemGroup>
    <Image Include="res\copy.ico">
      <Filter>Resource Files\Icons</Filter>
    </Image>
    <Image Include="res\cut.ico">
      <Filter>Resource Files\Icons</Filter>
    </Image>
    <Image Include="res\InfStudio.ico">
      <Filter>Resource Files\Icons</Filter>
    </Image>
    <Image Include="res\open.ico">
      <Filter>Resource Files\Icons</Filter>
    </Image>
    <Image Include="res\paste.ico">
      <Filter>Resource Files\Icons</Filter>
    </Image>
    <Image Include="res\pin.ico">
      <Filter>Resource Files\Icons</Filter>
    </Image>
    <Image Include="res\save.ico">
      <Filter>Resource Files\Icons</Filter>
    </Image>
    <Image Include="res\save_as.ico">
      <Filter>Resource Files\Icons</Filter>
    </Image>
    <Image Include="res\undo.ico">
      <Filter>Resource Files\Icons</Filter>
    </Image>
    <Image Include="res\redo.ico">
      <Filter>Resource Files\Icons</Filter>
    </Image>
    <Image Include="res\error.ico">
      <Filter>Resource Files\Icons</Filter>
    </Image>
    <Image Include="res\file-delete.ico">
      <Filter>Resource Files\Icons</Filter>
    </Image>
    <Image Include="res\file-write.ico">
      <Filter>Resource Files\Icons</Filter>
    </Image>
    <Image Include="res\registry_delete.ico">
      <Filter>Resource Files\Icons</Filter>
    </Image>
    <Image Include="res\registry_edit.ico">
      <Filter>Resource Files\Icons</Filter>
    </Image>
    <Image Include="res\section.ico">
      <Filter>Resource Files\Icons</Filter>
    </Image>
    <Image Include="res\sections.ico">
      <Filter>Resource Files\Icons</Filter>
    </Image>
    <Image Include="res\device.ico">
      <Filter>Resource Files\Icons</Filter>
    </Image>
    <Image Include="res\devices.ico">
      <Filter>Resource Files\Icons</Filter>
    </Image>
    <Image Include="res\folder_into.ico">
      <Filter>Resource Files\Icons</Filter>
    </Image>
    <Image Include="res\version.ico">
      <Filter>Resource Files\Icons</Filter>
    </Image>
  </ItemGroup>
  <ItemGroup>
    <None Include="packages.config" />
  </ItemGroup>
</Project>